
Microsoft Visual Studio Solution File, Format Version 12.00
# Visual Studio 15
VisualStudioVersion = 15.0.28307.572
MinimumVisualStudioVersion = 10.0.40219.1
Project("{FAE04EC0-301F-11D3-BF4B-00C04F79EFBC}") = "HttpApp.Android", "HttpApp\HttpApp.Android\HttpApp.Android.csproj", "{6F865C3B-0B55-4749-813D-A8DCB9A0DAE3}"
EndProject
Project("{FAE04EC0-301F-11D3-BF4B-00C04F79EFBC}") = "HttpApp.iOS", "HttpApp\HttpApp.iOS\HttpApp.iOS.csproj", "{24CCB730-9839-4BE6-826F-9074A6C0AEB2}"
EndProject
Project("{FAE04EC0-301F-11D3-BF4B-00C04F79EFBC}") = "HttpApp", "HttpApp\HttpApp\HttpApp.csproj", "{2FA0DAD2-C1AF-434A-A1BB-332083906C30}"
EndProject
Global
	GlobalSection(SolutionConfigurationPlatforms) = preSolution
		Ad-Hoc|Any CPU = Ad-Hoc|Any CPU
		Ad-Hoc|iPhone = Ad-Hoc|iPhone
		Ad-Hoc|iPhoneSimulator = Ad-Hoc|iPhoneSimulator
		AppStore|Any CPU = AppStore|Any CPU
		AppStore|iPhone = AppStore|iPhone
		AppStore|iPhoneSimulator = AppStore|iPhoneSimulator
		Debug|Any CPU = Debug|Any CPU
		Debug|iPhone = Debug|iPhone
		Debug|iPhoneSimulator = Debug|iPhoneSimulator
		Release|Any CPU = Release|Any CPU
		Release|iPhone = Release|iPhone
		Release|iPhoneSimulator = Release|iPhoneSimulator
	EndGlobalSection
	GlobalSection(ProjectConfigurationPlatforms) = postSolution
		{6F865C3B-0B55-4749-813D-A8DCB9A0DAE3}.Ad-Hoc|Any CPU.ActiveCfg = Release|Any CPU
		{6F865C3B-0B55-4749-813D-A8DCB9A0DAE3}.Ad-Hoc|Any CPU.Build.0 = Release|Any CPU
		{6F865C3B-0B55-4749-813D-A8DCB9A0DAE3}.Ad-Hoc|Any CPU.Deploy.0 = Release|Any CPU
		{6F865C3B-0B55-4749-813D-A8DCB9A0DAE3}.Ad-Hoc|iPhone.ActiveCfg = Release|Any CPU
		{6F865C3B-0B55-4749-813D-A8DCB9A0DAE3}.Ad-Hoc|iPhone.Build.0 = Release|Any CPU
		{6F865C3B-0B55-4749-813D-A8DCB9A0DAE3}.Ad-Hoc|iPhone.Deploy.0 = Release|Any CPU
		{6F865C3B-0B55-4749-813D-A8DCB9A0DAE3}.Ad-Hoc|iPhoneSimulator.ActiveCfg = Release|Any CPU
		{6F865C3B-0B55-4749-813D-A8DCB9A0DAE3}.Ad-Hoc|iPhoneSimulator.Build.0 = Release|Any CPU
		{6F865C3B-0B55-4749-813D-A8DCB9A0DAE3}.Ad-Hoc|iPhoneSimulator.Deploy.0 = Release|Any CPU
		{6F865C3B-0B55-4749-813D-A8DCB9A0DAE3}.AppStore|Any CPU.ActiveCfg = Release|Any CPU
		{6F865C3B-0B55-4749-813D-A8DCB9A0DAE3}.AppStore|Any CPU.Build.0 = Release|Any CPU
		{6F865C3B-0B55-4749-813D-A8DCB9A0DAE3}.AppStore|Any CPU.Deploy.0 = Release|Any CPU
		{6F865C3B-0B55-4749-813D-A8DCB9A0DAE3}.AppStore|iPhone.ActiveCfg = Release|Any CPU
		{6F865C3B-0B55-4749-813D-A8DCB9A0DAE3}.AppStore|iPhone.Build.0 = Release|Any CPU
		{6F865C3B-0B55-4749-813D-A8DCB9A0DAE3}.AppStore|iPhone.Deploy.0 = Release|Any CPU
		{6F865C3B-0B55-4749-813D-A8DCB9A0DAE3}.AppStore|iPhoneSimulator.ActiveCfg = Release|Any CPU
		{6F865C3B-0B55-4749-813D-A8DCB9A0DAE3}.AppStore|iPhoneSimulator.Build.0 = Release|Any CPU
		{6F865C3B-0B55-4749-813D-A8DCB9A0DAE3}.AppStore|iPhoneSimulator.Deploy.0 = Release|Any CPU
		{6F865C3B-0B55-4749-813D-A8DCB9A0DAE3}.Debug|Any CPU.ActiveCfg = Debug|Any CPU
		{6F865C3B-0B55-4749-813D-A8DCB9A0DAE3}.Debug|Any CPU.Build.0 = Debug|Any CPU
		{6F865C3B-0B55-4749-813D-A8DCB9A0DAE3}.Debug|Any CPU.Deploy.0 = Debug|Any CPU
		{6F865C3B-0B55-4749-813D-A8DCB9A0DAE3}.Debug|iPhone.ActiveCfg = Debug|Any CPU
		{6F865C3B-0B55-4749-813D-A8DCB9A0DAE3}.Debug|iPhone.Build.0 = Debug|Any CPU
		{6F865C3B-0B55-4749-813D-A8DCB9A0DAE3}.Debug|iPhone.Deploy.0 = Debug|Any CPU
		{6F865C3B-0B55-4749-813D-A8DCB9A0DAE3}.Debug|iPhoneSimulator.ActiveCfg = Debug|Any CPU
		{6F865C3B-0B55-4749-813D-A8DCB9A0DAE3}.Debug|iPhoneSimulator.Build.0 = Debug|Any CPU
		{6F865C3B-0B55-4749-813D-A8DCB9A0DAE3}.Debug|iPhoneSimulator.Deploy.0 = Debug|Any CPU
		{6F865C3B-0B55-4749-813D-A8DCB9A0DAE3}.Release|Any CPU.ActiveCfg = Release|Any CPU
		{6F865C3B-0B55-4749-813D-A8DCB9A0DAE3}.Release|Any CPU.Build.0 = Release|Any CPU
		{6F865C3B-0B55-4749-813D-A8DCB9A0DAE3}.Release|Any CPU.Deploy.0 = Release|Any CPU
		{6F865C3B-0B55-4749-813D-A8DCB9A0DAE3}.Release|iPhone.ActiveCfg = Release|Any CPU
		{6F865C3B-0B55-4749-813D-A8DCB9A0DAE3}.Release|iPhone.Build.0 = Release|Any CPU
		{6F865C3B-0B55-4749-813D-A8DCB9A0DAE3}.Release|iPhone.Deploy.0 = Release|Any CPU
		{6F865C3B-0B55-4749-813D-A8DCB9A0DAE3}.Release|iPhoneSimulator.ActiveCfg = Release|Any CPU
		{6F865C3B-0B55-4749-813D-A8DCB9A0DAE3}.Release|iPhoneSimulator.Build.0 = Release|Any CPU
		{6F865C3B-0B55-4749-813D-A8DCB9A0DAE3}.Release|iPhoneSimulator.Deploy.0 = Release|Any CPU
		{24CCB730-9839-4BE6-826F-9074A6C0AEB2}.Ad-Hoc|Any CPU.ActiveCfg = Ad-Hoc|iPhone
		{24CCB730-9839-4BE6-826F-9074A6C0AEB2}.Ad-Hoc|Any CPU.Build.0 = Ad-Hoc|iPhone
		{24CCB730-9839-4BE6-826F-9074A6C0AEB2}.Ad-Hoc|Any CPU.Deploy.0 = Ad-Hoc|iPhone
		{24CCB730-9839-4BE6-826F-9074A6C0AEB2}.Ad-Hoc|iPhone.ActiveCfg = Ad-Hoc|iPhone
		{24CCB730-9839-4BE6-826F-9074A6C0AEB2}.Ad-Hoc|iPhone.Build.0 = Ad-Hoc|iPhone
		{24CCB730-9839-4BE6-826F-9074A6C0AEB2}.Ad-Hoc|iPhone.Deploy.0 = Ad-Hoc|iPhone
		{24CCB730-9839-4BE6-826F-9074A6C0AEB2}.Ad-Hoc|iPhoneSimulator.ActiveCfg = Ad-Hoc|iPhoneSimulator
		{24CCB730-9839-4BE6-826F-9074A6C0AEB2}.Ad-Hoc|iPhoneSimulator.Build.0 = Ad-Hoc|iPhoneSimulator
		{24CCB730-9839-4BE6-826F-9074A6C0AEB2}.Ad-Hoc|iPhoneSimulator.Deploy.0 = Ad-Hoc|iPhoneSimulator
		{24CCB730-9839-4BE6-826F-9074A6C0AEB2}.AppStore|Any CPU.ActiveCfg = AppStore|iPhone
		{24CCB730-9839-4BE6-826F-9074A6C0AEB2}.AppStore|Any CPU.Build.0 = AppStore|iPhone
		{24CCB730-9839-4BE6-826F-9074A6C0AEB2}.AppStore|Any CPU.Deploy.0 = AppStore|iPhone
		{24CCB730-9839-4BE6-826F-9074A6C0AEB2}.AppStore|iPhone.ActiveCfg = AppStore|iPhone
		{24CCB730-9839-4BE6-826F-9074A6C0AEB2}.AppStore|iPhone.Build.0 = AppStore|iPhone
		{24CCB730-9839-4BE6-826F-9074A6C0AEB2}.AppStore|iPhone.Deploy.0 = AppStore|iPhone
		{24CCB730-9839-4BE6-826F-9074A6C0AEB2}.AppStore|iPhoneSimulator.ActiveCfg = AppStore|iPhoneSimulator
		{24CCB730-9839-4BE6-826F-9074A6C0AEB2}.AppStore|iPhoneSimulator.Build.0 = AppStore|iPhoneSimulator
		{24CCB730-9839-4BE6-826F-9074A6C0AEB2}.AppStore|iPhoneSimulator.Deploy.0 = AppStore|iPhoneSimulator
		{24CCB730-9839-4BE6-826F-9074A6C0AEB2}.Debug|Any CPU.ActiveCfg = Debug|iPhoneSimulator
		{24CCB730-9839-4BE6-826F-9074A6C0AEB2}.Debug|Any CPU.Build.0 = Debug|iPhoneSimulator
		{24CCB730-9839-4BE6-826F-9074A6C0AEB2}.Debug|Any CPU.Deploy.0 = Debug|iPhoneSimulator
		{24CCB730-9839-4BE6-826F-9074A6C0AEB2}.Debug|iPhone.ActiveCfg = Debug|iPhone
		{24CCB730-9839-4BE6-826F-9074A6C0AEB2}.Debug|iPhone.Build.0 = Debug|iPhone
		{24CCB730-9839-4BE6-826F-9074A6C0AEB2}.Debug|iPhone.Deploy.0 = Debug|iPhone
		{24CCB730-9839-4BE6-826F-9074A6C0AEB2}.Debug|iPhoneSimulator.ActiveCfg = Debug|iPhoneSimulator
		{24CCB730-9839-4BE6-826F-9074A6C0AEB2}.Debug|iPhoneSimulator.Build.0 = Debug|iPhoneSimulator
		{24CCB730-9839-4BE6-826F-9074A6C0AEB2}.Debug|iPhoneSimulator.Deploy.0 = Debug|iPhoneSimulator
		{24CCB730-9839-4BE6-826F-9074A6C0AEB2}.Release|Any CPU.ActiveCfg = Release|iPhone
		{24CCB730-9839-4BE6-826F-9074A6C0AEB2}.Release|Any CPU.Build.0 = Release|iPhone
		{24CCB730-9839-4BE6-826F-9074A6C0AEB2}.Release|Any CPU.Deploy.0 = Release|iPhone
		{24CCB730-9839-4BE6-826F-9074A6C0AEB2}.Release|iPhone.ActiveCfg = Release|iPhone
		{24CCB730-9839-4BE6-826F-9074A6C0AEB2}.Release|iPhone.Build.0 = Release|iPhone
		{24CCB730-9839-4BE6-826F-9074A6C0AEB2}.Release|iPhone.Deploy.0 = Release|iPhone
		{24CCB730-9839-4BE6-826F-9074A6C0AEB2}.Release|iPhoneSimulator.ActiveCfg = Release|iPhoneSimulator
		{24CCB730-9839-4BE6-826F-9074A6C0AEB2}.Release|iPhoneSimulator.Build.0 = Release|iPhoneSimulator
		{24CCB730-9839-4BE6-826F-9074A6C0AEB2}.Release|iPhoneSimulator.Deploy.0 = Release|iPhoneSimulator
		{2FA0DAD2-C1AF-434A-A1BB-332083906C30}.Ad-Hoc|Any CPU.ActiveCfg = Debug|Any CPU
		{2FA0DAD2-C1AF-434A-A1BB-332083906C30}.Ad-Hoc|Any CPU.Build.0 = Debug|Any CPU
		{2FA0DAD2-C1AF-434A-A1BB-332083906C30}.Ad-Hoc|Any CPU.Deploy.0 = Debug|Any CPU
		{2FA0DAD2-C1AF-434A-A1BB-332083906C30}.Ad-Hoc|iPhone.ActiveCfg = Debug|Any CPU
		{2FA0DAD2-C1AF-434A-A1BB-332083906C30}.Ad-Hoc|iPhone.Build.0 = Debug|Any CPU
		{2FA0DAD2-C1AF-434A-A1BB-332083906C30}.Ad-Hoc|iPhone.Deploy.0 = Debug|Any CPU
		{2FA0DAD2-C1AF-434A-A1BB-332083906C30}.Ad-Hoc|iPhoneSimulator.ActiveCfg = Debug|Any CPU
		{2FA0DAD2-C1AF-434A-A1BB-332083906C30}.Ad-Hoc|iPhoneSimulator.Build.0 = Debug|Any CPU
		{2FA0DAD2-C1AF-434A-A1BB-332083906C30}.Ad-Hoc|iPhoneSimulator.Deploy.0 = Debug|Any CPU
		{2FA0DAD2-C1AF-434A-A1BB-332083906C30}.AppStore|Any CPU.ActiveCfg = Debug|Any CPU
		{2FA0DAD2-C1AF-434A-A1BB-332083906C30}.AppStore|Any CPU.Build.0 = Debug|Any CPU
		{2FA0DAD2-C1AF-434A-A1BB-332083906C30}.AppStore|Any CPU.Deploy.0 = Debug|Any CPU
		{2FA0DAD2-C1AF-434A-A1BB-332083906C30}.AppStore|iPhone.ActiveCfg = Debug|Any CPU
		{2FA0DAD2-C1AF-434A-A1BB-332083906C30}.AppStore|iPhone.Build.0 = Debug|Any CPU
		{2FA0DAD2-C1AF-434A-A1BB-332083906C30}.AppStore|iPhone.Deploy.0 = Debug|Any CPU
		{2FA0DAD2-C1AF-434A-A1BB-332083906C30}.AppStore|iPhoneSimulator.ActiveCfg = Debug|Any CPU
		{2FA0DAD2-C1AF-434A-A1BB-332083906C30}.AppStore|iPhoneSimulator.Build.0 = Debug|Any CPU
		{2FA0DAD2-C1AF-434A-A1BB-332083906C30}.AppStore|iPhoneSimulator.Deploy.0 = Debug|Any CPU
		{2FA0DAD2-C1AF-434A-A1BB-332083906C30}.Debug|Any CPU.ActiveCfg = Debug|Any CPU
		{2FA0DAD2-C1AF-434A-A1BB-332083906C30}.Debug|Any CPU.Build.0 = Debug|Any CPU
		{2FA0DAD2-C1AF-434A-A1BB-332083906C30}.Debug|Any CPU.Deploy.0 = Debug|Any CPU
		{2FA0DAD2-C1AF-434A-A1BB-332083906C30}.Debug|iPhone.ActiveCfg = Debug|Any CPU
		{2FA0DAD2-C1AF-434A-A1BB-332083906C30}.Debug|iPhone.Build.0 = Debug|Any CPU
		{2FA0DAD2-C1AF-434A-A1BB-332083906C30}.Debug|iPhone.Deploy.0 = Debug|Any CPU
		{2FA0DAD2-C1AF-434A-A1BB-332083906C30}.Debug|iPhoneSimulator.ActiveCfg = Debug|Any CPU
		{2FA0DAD2-C1AF-434A-A1BB-332083906C30}.Debug|iPhoneSimulator.Build.0 = Debug|Any CPU
		{2FA0DAD2-C1AF-434A-A1BB-332083906C30}.Debug|iPhoneSimulator.Deploy.0 = Debug|Any CPU
		{2FA0DAD2-C1AF-434A-A1BB-332083906C30}.Release|Any CPU.ActiveCfg = Release|Any CPU
		{2FA0DAD2-C1AF-434A-A1BB-332083906C30}.Release|Any CPU.Build.0 = Release|Any CPU
		{2FA0DAD2-C1AF-434A-A1BB-332083906C30}.Release|Any CPU.Deploy.0 = Release|Any CPU
		{2FA0DAD2-C1AF-434A-A1BB-332083906C30}.Release|iPhone.ActiveCfg = Release|Any CPU
		{2FA0DAD2-C1AF-434A-A1BB-332083906C30}.Release|iPhone.Build.0 = Release|Any CPU
		{2FA0DAD2-C1AF-434A-A1BB-332083906C30}.Release|iPhone.Deploy.0 = Release|Any CPU
		{2FA0DAD2-C1AF-434A-A1BB-332083906C30}.Release|iPhoneSimulator.ActiveCfg = Release|Any CPU
		{2FA0DAD2-C1AF-434A-A1BB-332083906C30}.Release|iPhoneSimulator.Build.0 = Release|Any CPU
		{2FA0DAD2-C1AF-434A-A1BB-332083906C30}.Release|iPhoneSimulator.Deploy.0 = Release|Any CPU
	EndGlobalSection
	GlobalSection(SolutionProperties) = preSolution
		HideSolutionNode = FALSE
	EndGlobalSection
	GlobalSection(ExtensibilityGlobals) = postSolution
		SolutionGuid = {4A072F4F-6A63-45E4-955E-96C7D44E8D5E}
	EndGlobalSection
EndGlobal
